
Microsoft Visual Studio Solution File, Format Version 12.00
# Visual Studio Version 16
VisualStudioVersion = 16.0.30406.217
MinimumVisualStudioVersion = 10.0.40219.1
Project("{FAE04EC0-301F-11D3-BF4B-00C04F79EFBC}") = "study9_25winfrom", "study9_25winfrom\study9_25winfrom.csproj", "{54E99150-1812-4F95-9DB1-63BFFDBA5707}"
EndProject
Project("{FAE04EC0-301F-11D3-BF4B-00C04F79EFBC}") = "study9_28", "study9_28\study9_28.csproj", "{C0DFB565-4942-4356-9501-7F7988245D6E}"
EndProject
Project("{FAE04EC0-301F-11D3-BF4B-00C04F79EFBC}") = "stydy9_29", "stydy9_29\stydy9_29.csproj", "{85949EB2-D54A-4561-8471-F68BE45B6994}"
EndProject
Global
	GlobalSection(SolutionConfigurationPlatforms) = preSolution
		Debug|Any CPU = Debug|Any CPU
		Release|Any CPU = Release|Any CPU
	EndGlobalSection
	GlobalSection(ProjectConfigurationPlatforms) = postSolution
		{54E99150-1812-4F95-9DB1-63BFFDBA5707}.Debug|Any CPU.ActiveCfg = Debug|Any CPU
		{54E99150-1812-4F95-9DB1-63BFFDBA5707}.Debug|Any CPU.Build.0 = Debug|Any CPU
		{54E99150-1812-4F95-9DB1-63BFFDBA5707}.Release|Any CPU.ActiveCfg = Release|Any CPU
		{54E99150-1812-4F95-9DB1-63BFFDBA5707}.Release|Any CPU.Build.0 = Release|Any CPU
		{C0DFB565-4942-4356-9501-7F7988245D6E}.Debug|Any CPU.ActiveCfg = Debug|Any CPU
		{C0DFB565-4942-4356-9501-7F7988245D6E}.Debug|Any CPU.Build.0 = Debug|Any CPU
		{C0DFB565-4942-4356-9501-7F7988245D6E}.Release|Any CPU.ActiveCfg = Release|Any CPU
		{C0DFB565-4942-4356-9501-7F7988245D6E}.Release|Any CPU.Build.0 = Release|Any CPU
		{85949EB2-D54A-4561-8471-F68BE45B6994}.Debug|Any CPU.ActiveCfg = Debug|Any CPU
		{85949EB2-D54A-4561-8471-F68BE45B6994}.Debug|Any CPU.Build.0 = Debug|Any CPU
		{85949EB2-D54A-4561-8471-F68BE45B6994}.Release|Any CPU.ActiveCfg = Release|Any CPU
		{85949EB2-D54A-4561-8471-F68BE45B6994}.Release|Any CPU.Build.0 = Release|Any CPU
	EndGlobalSection
	GlobalSection(SolutionProperties) = preSolution
		HideSolutionNode = FALSE
	EndGlobalSection
	GlobalSection(ExtensibilityGlobals) = postSolution
		SolutionGuid = {01E433C9-4F29-4696-9B37-97D8F124199B}
	EndGlobalSection
EndGlobal
