
Microsoft Visual Studio Solution File, Format Version 12.00
# Visual Studio Version 16
VisualStudioVersion = 16.0.30406.217
MinimumVisualStudioVersion = 10.0.40219.1
Project("{FAE04EC0-301F-11D3-BF4B-00C04F79EFBC}") = "SQLHelper", "SQLHelper\SQLHelper.csproj", "{8B827F01-0DC0-4F17-9678-527DC82D1395}"
EndProject
Project("{FAE04EC0-301F-11D3-BF4B-00C04F79EFBC}") = "10_7EXL表格", "10_7EXL表格\10_7EXL表格.csproj", "{05720CDF-F0FD-452C-A709-11795FE0AB30}"
EndProject
Project("{FAE04EC0-301F-11D3-BF4B-00C04F79EFBC}") = "Excel", "Excle\Excel.csproj", "{DA5364EF-C614-449B-A1B7-C20C80FAB1A4}"
EndProject
Project("{FAE04EC0-301F-11D3-BF4B-00C04F79EFBC}") = "INI_ClassLibrary", "INI_ClassLibrary\INI_ClassLibrary.csproj", "{390F2968-8C64-4F19-B7BE-8A859914B2F8}"
EndProject
Project("{FAE04EC0-301F-11D3-BF4B-00C04F79EFBC}") = "TXT_ClassLibrary", "TXT_ClassLibrary\TXT_ClassLibrary.csproj", "{2089A940-54AF-4C3B-9571-A75253DDCF54}"
EndProject
Project("{FAE04EC0-301F-11D3-BF4B-00C04F79EFBC}") = "study10_16json操作", "study10_16json操作\study10_16json操作.csproj", "{474232C9-64A9-45B9-A087-F9B25CCFD67B}"
EndProject
Project("{FAE04EC0-301F-11D3-BF4B-00C04F79EFBC}") = "study10_16串口通信", "study10_16串口通信\study10_16串口通信.csproj", "{3777C040-A522-4033-B0F6-DC952E0F1DCF}"
EndProject
Project("{FAE04EC0-301F-11D3-BF4B-00C04F79EFBC}") = "study10_16反射", "study10_16反射\study10_16反射.csproj", "{B17867BD-7441-421A-8C19-225ECBCF7003}"
EndProject
Project("{FAE04EC0-301F-11D3-BF4B-00C04F79EFBC}") = "interface_Fuction", "interface_Fuction\interface_Fuction.csproj", "{931D84D0-55DB-4579-AB89-442D494B095F}"
EndProject
Project("{FAE04EC0-301F-11D3-BF4B-00C04F79EFBC}") = "Function", "Function\Function.csproj", "{51D6ECD2-4BAF-4665-AEA2-4C84A76AF272}"
EndProject
Project("{FAE04EC0-301F-11D3-BF4B-00C04F79EFBC}") = "study10_15线程Mutex同步", "study10_15线程Mutex同步\study10_15线程Mutex同步.csproj", "{38A522A6-E0F4-48F7-9E62-26581A1FCC99}"
EndProject
Project("{FAE04EC0-301F-11D3-BF4B-00C04F79EFBC}") = "study10_15客户端", "study10_15客户端\study10_15客户端.csproj", "{33DF272A-DB7A-40A0-BAA7-679A7263ADE1}"
EndProject
Project("{FAE04EC0-301F-11D3-BF4B-00C04F79EFBC}") = "study10_15TCP", "study10_15TCP\study10_15TCP.csproj", "{DA5E5397-008F-49FE-9F08-9EA2992FAE36}"
EndProject
Project("{FAE04EC0-301F-11D3-BF4B-00C04F79EFBC}") = "study10_14线程1", "study10_14线程1\study10_14线程1.csproj", "{567A777D-5FB7-4C1D-BF8A-752FCE40D0F0}"
EndProject
Project("{FAE04EC0-301F-11D3-BF4B-00C04F79EFBC}") = "study10_14线程", "study10_14线程\study10_14线程.csproj", "{41FEB515-DA07-4FC0-81F4-FE77288CEF2E}"
EndProject
Project("{FAE04EC0-301F-11D3-BF4B-00C04F79EFBC}") = "study10_13线程窗体", "study10_13线程窗体\study10_13线程窗体.csproj", "{DA6E6073-88CE-4B7E-B291-5BF21419796E}"
EndProject
Project("{FAE04EC0-301F-11D3-BF4B-00C04F79EFBC}") = "study10_13多线程", "study10_13多线程\study10_13多线程.csproj", "{CD6E2B8C-BA36-461D-A2ED-207A463A247F}"
EndProject
Project("{FAE04EC0-301F-11D3-BF4B-00C04F79EFBC}") = "study10_12事件1", "study10_12事件1\study10_12事件1.csproj", "{FF72B60F-0E16-4B47-A26C-80B9C537A754}"
EndProject
Project("{FAE04EC0-301F-11D3-BF4B-00C04F79EFBC}") = "study10_12事件", "study10_12事件\study10_12事件.csproj", "{A48DA9CA-C60F-4FDD-BA07-960412E88D56}"
EndProject
Project("{FAE04EC0-301F-11D3-BF4B-00C04F79EFBC}") = "study10_10委托1", "study10_10委托1\study10_10委托1.csproj", "{BC330B47-CEA5-48FC-8E54-405EDCDFE61A}"
EndProject
Project("{FAE04EC0-301F-11D3-BF4B-00C04F79EFBC}") = "study10_10委托", "study10_10委托\study10_10委托.csproj", "{A8F5B743-4B61-4730-A017-5C6632C77A2A}"
EndProject
Project("{FAE04EC0-301F-11D3-BF4B-00C04F79EFBC}") = "study10_9委托", "study10_9委托\study10_9委托.csproj", "{3C26DF61-ECB6-4495-9EF6-118740A2269D}"
EndProject
Global
	GlobalSection(SolutionConfigurationPlatforms) = preSolution
		Debug|Any CPU = Debug|Any CPU
		Release|Any CPU = Release|Any CPU
	EndGlobalSection
	GlobalSection(ProjectConfigurationPlatforms) = postSolution
		{8B827F01-0DC0-4F17-9678-527DC82D1395}.Debug|Any CPU.ActiveCfg = Debug|Any CPU
		{8B827F01-0DC0-4F17-9678-527DC82D1395}.Debug|Any CPU.Build.0 = Debug|Any CPU
		{8B827F01-0DC0-4F17-9678-527DC82D1395}.Release|Any CPU.ActiveCfg = Release|Any CPU
		{8B827F01-0DC0-4F17-9678-527DC82D1395}.Release|Any CPU.Build.0 = Release|Any CPU
		{05720CDF-F0FD-452C-A709-11795FE0AB30}.Debug|Any CPU.ActiveCfg = Debug|Any CPU
		{05720CDF-F0FD-452C-A709-11795FE0AB30}.Debug|Any CPU.Build.0 = Debug|Any CPU
		{05720CDF-F0FD-452C-A709-11795FE0AB30}.Release|Any CPU.ActiveCfg = Release|Any CPU
		{05720CDF-F0FD-452C-A709-11795FE0AB30}.Release|Any CPU.Build.0 = Release|Any CPU
		{DA5364EF-C614-449B-A1B7-C20C80FAB1A4}.Debug|Any CPU.ActiveCfg = Debug|Any CPU
		{DA5364EF-C614-449B-A1B7-C20C80FAB1A4}.Debug|Any CPU.Build.0 = Debug|Any CPU
		{DA5364EF-C614-449B-A1B7-C20C80FAB1A4}.Release|Any CPU.ActiveCfg = Release|Any CPU
		{DA5364EF-C614-449B-A1B7-C20C80FAB1A4}.Release|Any CPU.Build.0 = Release|Any CPU
		{390F2968-8C64-4F19-B7BE-8A859914B2F8}.Debug|Any CPU.ActiveCfg = Debug|Any CPU
		{390F2968-8C64-4F19-B7BE-8A859914B2F8}.Debug|Any CPU.Build.0 = Debug|Any CPU
		{390F2968-8C64-4F19-B7BE-8A859914B2F8}.Release|Any CPU.ActiveCfg = Release|Any CPU
		{390F2968-8C64-4F19-B7BE-8A859914B2F8}.Release|Any CPU.Build.0 = Release|Any CPU
		{2089A940-54AF-4C3B-9571-A75253DDCF54}.Debug|Any CPU.ActiveCfg = Debug|Any CPU
		{2089A940-54AF-4C3B-9571-A75253DDCF54}.Debug|Any CPU.Build.0 = Debug|Any CPU
		{2089A940-54AF-4C3B-9571-A75253DDCF54}.Release|Any CPU.ActiveCfg = Release|Any CPU
		{2089A940-54AF-4C3B-9571-A75253DDCF54}.Release|Any CPU.Build.0 = Release|Any CPU
		{474232C9-64A9-45B9-A087-F9B25CCFD67B}.Debug|Any CPU.ActiveCfg = Debug|Any CPU
		{474232C9-64A9-45B9-A087-F9B25CCFD67B}.Debug|Any CPU.Build.0 = Debug|Any CPU
		{474232C9-64A9-45B9-A087-F9B25CCFD67B}.Release|Any CPU.ActiveCfg = Release|Any CPU
		{474232C9-64A9-45B9-A087-F9B25CCFD67B}.Release|Any CPU.Build.0 = Release|Any CPU
		{3777C040-A522-4033-B0F6-DC952E0F1DCF}.Debug|Any CPU.ActiveCfg = Debug|Any CPU
		{3777C040-A522-4033-B0F6-DC952E0F1DCF}.Debug|Any CPU.Build.0 = Debug|Any CPU
		{3777C040-A522-4033-B0F6-DC952E0F1DCF}.Release|Any CPU.ActiveCfg = Release|Any CPU
		{3777C040-A522-4033-B0F6-DC952E0F1DCF}.Release|Any CPU.Build.0 = Release|Any CPU
		{B17867BD-7441-421A-8C19-225ECBCF7003}.Debug|Any CPU.ActiveCfg = Debug|Any CPU
		{B17867BD-7441-421A-8C19-225ECBCF7003}.Debug|Any CPU.Build.0 = Debug|Any CPU
		{B17867BD-7441-421A-8C19-225ECBCF7003}.Release|Any CPU.ActiveCfg = Release|Any CPU
		{B17867BD-7441-421A-8C19-225ECBCF7003}.Release|Any CPU.Build.0 = Release|Any CPU
		{931D84D0-55DB-4579-AB89-442D494B095F}.Debug|Any CPU.ActiveCfg = Debug|Any CPU
		{931D84D0-55DB-4579-AB89-442D494B095F}.Debug|Any CPU.Build.0 = Debug|Any CPU
		{931D84D0-55DB-4579-AB89-442D494B095F}.Release|Any CPU.ActiveCfg = Release|Any CPU
		{931D84D0-55DB-4579-AB89-442D494B095F}.Release|Any CPU.Build.0 = Release|Any CPU
		{51D6ECD2-4BAF-4665-AEA2-4C84A76AF272}.Debug|Any CPU.ActiveCfg = Debug|Any CPU
		{51D6ECD2-4BAF-4665-AEA2-4C84A76AF272}.Debug|Any CPU.Build.0 = Debug|Any CPU
		{51D6ECD2-4BAF-4665-AEA2-4C84A76AF272}.Release|Any CPU.ActiveCfg = Release|Any CPU
		{51D6ECD2-4BAF-4665-AEA2-4C84A76AF272}.Release|Any CPU.Build.0 = Release|Any CPU
		{38A522A6-E0F4-48F7-9E62-26581A1FCC99}.Debug|Any CPU.ActiveCfg = Debug|Any CPU
		{38A522A6-E0F4-48F7-9E62-26581A1FCC99}.Debug|Any CPU.Build.0 = Debug|Any CPU
		{38A522A6-E0F4-48F7-9E62-26581A1FCC99}.Release|Any CPU.ActiveCfg = Release|Any CPU
		{38A522A6-E0F4-48F7-9E62-26581A1FCC99}.Release|Any CPU.Build.0 = Release|Any CPU
		{33DF272A-DB7A-40A0-BAA7-679A7263ADE1}.Debug|Any CPU.ActiveCfg = Debug|Any CPU
		{33DF272A-DB7A-40A0-BAA7-679A7263ADE1}.Debug|Any CPU.Build.0 = Debug|Any CPU
		{33DF272A-DB7A-40A0-BAA7-679A7263ADE1}.Release|Any CPU.ActiveCfg = Release|Any CPU
		{33DF272A-DB7A-40A0-BAA7-679A7263ADE1}.Release|Any CPU.Build.0 = Release|Any CPU
		{DA5E5397-008F-49FE-9F08-9EA2992FAE36}.Debug|Any CPU.ActiveCfg = Debug|Any CPU
		{DA5E5397-008F-49FE-9F08-9EA2992FAE36}.Debug|Any CPU.Build.0 = Debug|Any CPU
		{DA5E5397-008F-49FE-9F08-9EA2992FAE36}.Release|Any CPU.ActiveCfg = Release|Any CPU
		{DA5E5397-008F-49FE-9F08-9EA2992FAE36}.Release|Any CPU.Build.0 = Release|Any CPU
		{567A777D-5FB7-4C1D-BF8A-752FCE40D0F0}.Debug|Any CPU.ActiveCfg = Debug|Any CPU
		{567A777D-5FB7-4C1D-BF8A-752FCE40D0F0}.Debug|Any CPU.Build.0 = Debug|Any CPU
		{567A777D-5FB7-4C1D-BF8A-752FCE40D0F0}.Release|Any CPU.ActiveCfg = Release|Any CPU
		{567A777D-5FB7-4C1D-BF8A-752FCE40D0F0}.Release|Any CPU.Build.0 = Release|Any CPU
		{41FEB515-DA07-4FC0-81F4-FE77288CEF2E}.Debug|Any CPU.ActiveCfg = Debug|Any CPU
		{41FEB515-DA07-4FC0-81F4-FE77288CEF2E}.Debug|Any CPU.Build.0 = Debug|Any CPU
		{41FEB515-DA07-4FC0-81F4-FE77288CEF2E}.Release|Any CPU.ActiveCfg = Release|Any CPU
		{41FEB515-DA07-4FC0-81F4-FE77288CEF2E}.Release|Any CPU.Build.0 = Release|Any CPU
		{DA6E6073-88CE-4B7E-B291-5BF21419796E}.Debug|Any CPU.ActiveCfg = Debug|Any CPU
		{DA6E6073-88CE-4B7E-B291-5BF21419796E}.Debug|Any CPU.Build.0 = Debug|Any CPU
		{DA6E6073-88CE-4B7E-B291-5BF21419796E}.Release|Any CPU.ActiveCfg = Release|Any CPU
		{DA6E6073-88CE-4B7E-B291-5BF21419796E}.Release|Any CPU.Build.0 = Release|Any CPU
		{CD6E2B8C-BA36-461D-A2ED-207A463A247F}.Debug|Any CPU.ActiveCfg = Debug|Any CPU
		{CD6E2B8C-BA36-461D-A2ED-207A463A247F}.Debug|Any CPU.Build.0 = Debug|Any CPU
		{CD6E2B8C-BA36-461D-A2ED-207A463A247F}.Release|Any CPU.ActiveCfg = Release|Any CPU
		{CD6E2B8C-BA36-461D-A2ED-207A463A247F}.Release|Any CPU.Build.0 = Release|Any CPU
		{FF72B60F-0E16-4B47-A26C-80B9C537A754}.Debug|Any CPU.ActiveCfg = Debug|Any CPU
		{FF72B60F-0E16-4B47-A26C-80B9C537A754}.Debug|Any CPU.Build.0 = Debug|Any CPU
		{FF72B60F-0E16-4B47-A26C-80B9C537A754}.Release|Any CPU.ActiveCfg = Release|Any CPU
		{FF72B60F-0E16-4B47-A26C-80B9C537A754}.Release|Any CPU.Build.0 = Release|Any CPU
		{A48DA9CA-C60F-4FDD-BA07-960412E88D56}.Debug|Any CPU.ActiveCfg = Debug|Any CPU
		{A48DA9CA-C60F-4FDD-BA07-960412E88D56}.Debug|Any CPU.Build.0 = Debug|Any CPU
		{A48DA9CA-C60F-4FDD-BA07-960412E88D56}.Release|Any CPU.ActiveCfg = Release|Any CPU
		{A48DA9CA-C60F-4FDD-BA07-960412E88D56}.Release|Any CPU.Build.0 = Release|Any CPU
		{BC330B47-CEA5-48FC-8E54-405EDCDFE61A}.Debug|Any CPU.ActiveCfg = Debug|Any CPU
		{BC330B47-CEA5-48FC-8E54-405EDCDFE61A}.Debug|Any CPU.Build.0 = Debug|Any CPU
		{BC330B47-CEA5-48FC-8E54-405EDCDFE61A}.Release|Any CPU.ActiveCfg = Release|Any CPU
		{BC330B47-CEA5-48FC-8E54-405EDCDFE61A}.Release|Any CPU.Build.0 = Release|Any CPU
		{A8F5B743-4B61-4730-A017-5C6632C77A2A}.Debug|Any CPU.ActiveCfg = Debug|Any CPU
		{A8F5B743-4B61-4730-A017-5C6632C77A2A}.Debug|Any CPU.Build.0 = Debug|Any CPU
		{A8F5B743-4B61-4730-A017-5C6632C77A2A}.Release|Any CPU.ActiveCfg = Release|Any CPU
		{A8F5B743-4B61-4730-A017-5C6632C77A2A}.Release|Any CPU.Build.0 = Release|Any CPU
		{3C26DF61-ECB6-4495-9EF6-118740A2269D}.Debug|Any CPU.ActiveCfg = Debug|Any CPU
		{3C26DF61-ECB6-4495-9EF6-118740A2269D}.Debug|Any CPU.Build.0 = Debug|Any CPU
		{3C26DF61-ECB6-4495-9EF6-118740A2269D}.Release|Any CPU.ActiveCfg = Release|Any CPU
		{3C26DF61-ECB6-4495-9EF6-118740A2269D}.Release|Any CPU.Build.0 = Release|Any CPU
	EndGlobalSection
	GlobalSection(SolutionProperties) = preSolution
		HideSolutionNode = FALSE
	EndGlobalSection
	GlobalSection(ExtensibilityGlobals) = postSolution
		SolutionGuid = {01E433C9-4F29-4696-9B37-97D8F124199B}
	EndGlobalSection
EndGlobal
