
Microsoft Visual Studio Solution File, Format Version 12.00
# Visual Studio Version 16
VisualStudioVersion = 16.0.30406.217
MinimumVisualStudioVersion = 10.0.40219.1
Project("{FAE04EC0-301F-11D3-BF4B-00C04F79EFBC}") = "study9_16", "study9_16\study9_16.csproj", "{64A4D58B-BDF7-46B3-B9F3-A5DD02B7FD5D}"
EndProject
Project("{FAE04EC0-301F-11D3-BF4B-00C04F79EFBC}") = "study9_17", "study9_17\study9_17.csproj", "{38E44BF8-4DD3-4B2F-A650-DD708F7FFDF1}"
EndProject
Project("{FAE04EC0-301F-11D3-BF4B-00C04F79EFBC}") = "study9_17_dll", "study9_17_dll\study9_17_dll.csproj", "{9CBFD426-C637-42C3-87CE-6C618ADF87C1}"
EndProject
Global
	GlobalSection(SolutionConfigurationPlatforms) = preSolution
		Debug|Any CPU = Debug|Any CPU
		Release|Any CPU = Release|Any CPU
	EndGlobalSection
	GlobalSection(ProjectConfigurationPlatforms) = postSolution
		{64A4D58B-BDF7-46B3-B9F3-A5DD02B7FD5D}.Debug|Any CPU.ActiveCfg = Debug|Any CPU
		{64A4D58B-BDF7-46B3-B9F3-A5DD02B7FD5D}.Debug|Any CPU.Build.0 = Debug|Any CPU
		{64A4D58B-BDF7-46B3-B9F3-A5DD02B7FD5D}.Release|Any CPU.ActiveCfg = Release|Any CPU
		{64A4D58B-BDF7-46B3-B9F3-A5DD02B7FD5D}.Release|Any CPU.Build.0 = Release|Any CPU
		{38E44BF8-4DD3-4B2F-A650-DD708F7FFDF1}.Debug|Any CPU.ActiveCfg = Debug|Any CPU
		{38E44BF8-4DD3-4B2F-A650-DD708F7FFDF1}.Debug|Any CPU.Build.0 = Debug|Any CPU
		{38E44BF8-4DD3-4B2F-A650-DD708F7FFDF1}.Release|Any CPU.ActiveCfg = Release|Any CPU
		{38E44BF8-4DD3-4B2F-A650-DD708F7FFDF1}.Release|Any CPU.Build.0 = Release|Any CPU
		{9CBFD426-C637-42C3-87CE-6C618ADF87C1}.Debug|Any CPU.ActiveCfg = Debug|Any CPU
		{9CBFD426-C637-42C3-87CE-6C618ADF87C1}.Debug|Any CPU.Build.0 = Debug|Any CPU
		{9CBFD426-C637-42C3-87CE-6C618ADF87C1}.Release|Any CPU.ActiveCfg = Release|Any CPU
		{9CBFD426-C637-42C3-87CE-6C618ADF87C1}.Release|Any CPU.Build.0 = Release|Any CPU
	EndGlobalSection
	GlobalSection(SolutionProperties) = preSolution
		HideSolutionNode = FALSE
	EndGlobalSection
	GlobalSection(ExtensibilityGlobals) = postSolution
		SolutionGuid = {01E433C9-4F29-4696-9B37-97D8F124199B}
	EndGlobalSection
EndGlobal
